// !$*UTF8*$!
{
	archiveVersion = 1;
	classes = {
	};
	objectVersion = 50;
	objects = {

/* Begin PBXBuildFile section */
		C5C6A586211833BA0063710A /* AppDelegate.swift in Sources */ = {isa = PBXBuildFile; fileRef = C5C6A585211833BA0063710A /* AppDelegate.swift */; };
		C5C6A588211833BA0063710A /* ViewController.swift in Sources */ = {isa = PBXBuildFile; fileRef = C5C6A587211833BA0063710A /* ViewController.swift */; };
		C5C6A58B211833BA0063710A /* Main.storyboard in Resources */ = {isa = PBXBuildFile; fileRef = C5C6A589211833BA0063710A /* Main.storyboard */; };
		C5C6A58D211833BB0063710A /* Assets.xcassets in Resources */ = {isa = PBXBuildFile; fileRef = C5C6A58C211833BB0063710A /* Assets.xcassets */; };
		C5C6A590211833BB0063710A /* LaunchScreen.storyboard in Resources */ = {isa = PBXBuildFile; fileRef = C5C6A58E211833BB0063710A /* LaunchScreen.storyboard */; };
		C5DC103A211986100052BC4D /* 51B1DBEA350BBC0028.jpeg in Resources */ = {isa = PBXBuildFile; fileRef = C5DC1039211986100052BC4D /* 51B1DBEA350BBC0028.jpeg */; };
/* End PBXBuildFile section */

/* Begin PBXFileReference section */
		C5C6A582211833BA0063710A /* XcodeBreakPoint.app */ = {isa = PBXFileReference; explicitFileType = wrapper.application; includeInIndex = 0; path = XcodeBreakPoint.app; sourceTree = BUILT_PRODUCTS_DIR; };
		C5C6A585211833BA0063710A /* AppDelegate.swift */ = {isa = PBXFileReference; lastKnownFileType = sourcecode.swift; path = AppDelegate.swift; sourceTree = "<group>"; };
		C5C6A587211833BA0063710A /* ViewController.swift */ = {isa = PBXFileReference; lastKnownFileType = sourcecode.swift; path = ViewController.swift; sourceTree = "<group>"; };
		C5C6A58A211833BA0063710A /* Base */ = {isa = PBXFileReference; lastKnownFileType = file.storyboard; name = Base; path = Base.lproj/Main.storyboard; sourceTree = "<group>"; };
		C5C6A58C211833BB0063710A /* Assets.xcassets */ = {isa = PBXFileReference; lastKnownFileType = folder.assetcatalog; path = Assets.xcassets; sourceTree = "<group>"; };
		C5C6A58F211833BB0063710A /* Base */ = {isa = PBXFileReference; lastKnownFileType = file.storyboard; name = Base; path = Base.lproj/LaunchScreen.storyboard; sourceTree = "<group>"; };
		C5C6A591211833BB0063710A /* Info.plist */ = {isa = PBXFileReference; lastKnownFileType = text.plist.xml; path = Info.plist; sourceTree = "<group>"; };
		C5DC1039211986100052BC4D /* 51B1DBEA350BBC0028.jpeg */ = {isa = PBXFileReference; lastKnownFileType = image.jpeg; path = 51B1DBEA350BBC0028.jpeg; sourceTree = "<group>"; };
/* End PBXFileReference section */

/* Begin PBXFrameworksBuildPhase section */
		C5C6A57F211833BA0063710A /* Frameworks */ = {
			isa = PBXFrameworksBuildPhase;
			buildActionMask = 2147483647;
			files = (
			);
			runOnlyForDeploymentPostprocessing = 0;
		};
/* End PBXFrameworksBuildPhase section */

/* Begin PBXGroup section */
		C5C6A579211833BA0063710A = {
			isa = PBXGroup;
			children = (
				C5DC103621196F570052BC4D /* Resource */,
				C5C6A584211833BA0063710A /* XcodeBreakPoint */,
				C5C6A583211833BA0063710A /* Products */,
			);
			sourceTree = "<group>";
		};
		C5C6A583211833BA0063710A /* Products */ = {
			isa = PBXGroup;
			children = (
				C5C6A582211833BA0063710A /* XcodeBreakPoint.app */,
			);
			name = Products;
			sourceTree = "<group>";
		};
		C5C6A584211833BA0063710A /* XcodeBreakPoint */ = {
			isa = PBXGroup;
			children = (
				C5C6A585211833BA0063710A /* AppDelegate.swift */,
				C5C6A587211833BA0063710A /* ViewController.swift */,
				C5C6A589211833BA0063710A /* Main.storyboard */,
				C5C6A58C211833BB0063710A /* Assets.xcassets */,
				C5C6A58E211833BB0063710A /* LaunchScreen.storyboard */,
				C5C6A591211833BB0063710A /* Info.plist */,
			);
			path = XcodeBreakPoint;
			sourceTree = "<group>";
		};
		C5DC103621196F570052BC4D /* Resource */ = {
			isa = PBXGroup;
			children = (
				C5DC1039211986100052BC4D /* 51B1DBEA350BBC0028.jpeg */,
			);
			path = Resource;
			sourceTree = "<group>";
		};
/* End PBXGroup section */

/* Begin PBXNativeTarget section */
		C5C6A581211833BA0063710A /* XcodeBreakPoint */ = {
			isa = PBXNativeTarget;
			buildConfigurationList = C5C6A594211833BB0063710A /* Build configuration list for PBXNativeTarget "XcodeBreakPoint" */;
			buildPhases = (
				C5C6A57E211833BA0063710A /* Sources */,
				C5C6A57F211833BA0063710A /* Frameworks */,
				C5C6A580211833BA0063710A /* Resources */,
			);
			buildRules = (
			);
			dependencies = (
			);
			name = XcodeBreakPoint;
			productName = XcodeBreakPoint;
			productReference = C5C6A582211833BA0063710A /* XcodeBreakPoint.app */;
			productType = "com.apple.product-type.application";
		};
/* End PBXNativeTarget section */

/* Begin PBXProject section */
		C5C6A57A211833BA0063710A /* Project object */ = {
			isa = PBXProject;
			attributes = {
				LastSwiftUpdateCheck = 0940;
				LastUpgradeCheck = 0940;
				ORGANIZATIONNAME = Hoooooon;
				TargetAttributes = {
					C5C6A581211833BA0063710A = {
						CreatedOnToolsVersion = 9.4;
					};
				};
			};
			buildConfigurationList = C5C6A57D211833BA0063710A /* Build configuration list for PBXProject "XcodeBreakPoint" */;
			compatibilityVersion = "Xcode 9.3";
			developmentRegion = en;
			hasScannedForEncodings = 0;
			knownRegions = (
				en,
				Base,
			);
			mainGroup = C5C6A579211833BA0063710A;
			productRefGroup = C5C6A583211833BA0063710A /* Products */;
			projectDirPath = "";
			projectRoot = "";
			targets = (
				C5C6A581211833BA0063710A /* XcodeBreakPoint */,
			);
		};
/* End PBXProject section */

/* Begin PBXResourcesBuildPhase section */
		C5C6A580211833BA0063710A /* Resources */ = {
			isa = PBXResourcesBuildPhase;
			buildActionMask = 2147483647;
			files = (
				C5DC103A211986100052BC4D /* 51B1DBEA350BBC0028.jpeg in Resources */,
				C5C6A590211833BB0063710A /* LaunchScreen.storyboard in Resources */,
				C5C6A58D211833BB0063710A /* Assets.xcassets in Resources */,
				C5C6A58B211833BA0063710A /* Main.storyboard in Resources */,
			);
			runOnlyForDeploymentPostprocessing = 0;
		};
/* End PBXResourcesBuildPhase section */

/* Begin PBXSourcesBuildPhase section */
		C5C6A57E211833BA0063710A /* Sources */ = {
			isa = PBXSourcesBuildPhase;
			buildActionMask = 2147483647;
			files = (
				C5C6A588211833BA0063710A /* ViewController.swift in Sources */,
				C5C6A586211833BA0063710A /* AppDelegate.swift in Sources */,
			);
			runOnlyForDeploymentPostprocessing = 0;
		};
/* End PBXSourcesBuildPhase section */

/* Begin PBXVariantGroup section */
		C5C6A589211833BA0063710A /* Main.storyboard */ = {
			isa = PBXVariantGroup;
			children = (
				C5C6A58A211833BA0063710A /* Base */,
			);
			name = Main.storyboard;
			sourceTree = "<group>";
		};
		C5C6A58E211833BB0063710A /* LaunchScreen.storyboard */ = {
			isa = PBXVariantGroup;
			children = (
				C5C6A58F211833BB0063710A /* Base */,
			);
			name = LaunchScreen.storyboard;
			sourceTree = "<group>";
		};
/* End PBXVariantGroup section */

/* Begin XCBuildConfiguration section */
		C5C6A592211833BB0063710A /* Debug */ = {
			isa = XCBuildConfiguration;
			buildSettings = {
				ALWAYS_SEARCH_USER_PATHS = NO;
				CLANG_ANALYZER_NONNULL = YES;
				CLANG_ANALYZER_NUMBER_OBJECT_CONVERSION = YES_AGGRESSIVE;
				CLANG_CXX_LANGUAGE_STANDARD = "gnu++14";
				CLANG_CXX_LIBRARY = "libc++";
				CLANG_ENABLE_MODULES = YES;
				CLANG_ENABLE_OBJC_ARC = YES;
				CLANG_ENABLE_OBJC_WEAK = YES;
				CLANG_WARN_BLOCK_CAPTURE_AUTORELEASING = YES;
				CLANG_WARN_BOOL_CONVERSION = YES;
				CLANG_WARN_COMMA = YES;
				CLANG_WARN_CONSTANT_CONVERSION = YES;
				CLANG_WARN_DEPRECATED_OBJC_IMPLEMENTATIONS = YES;
				CLANG_WARN_DIRECT_OBJC_ISA_USAGE = YES_ERROR;
				CLANG_WARN_DOCUMENTATION_COMMENTS = YES;
				CLANG_WARN_EMPTY_BODY = YES;
				CLANG_WARN_ENUM_CONVERSION = YES;
				CLANG_WARN_INFINITE_RECURSION = YES;
				CLANG_WARN_INT_CONVERSION = YES;
				CLANG_WARN_NON_LITERAL_NULL_CONVERSION = YES;
				CLANG_WARN_OBJC_IMPLICIT_RETAIN_SELF = YES;
				CLANG_WARN_OBJC_LITERAL_CONVERSION = YES;
				CLANG_WARN_OBJC_ROOT_CLASS = YES_ERROR;
				CLANG_WARN_RANGE_LOOP_ANALYSIS = YES;
				CLANG_WARN_STRICT_PROTOTYPES = YES;
				CLANG_WARN_SUSPICIOUS_MOVE = YES;
				CLANG_WARN_UNGUARDED_AVAILABILITY = YES_AGGRESSIVE;
				CLANG_WARN_UNREACHABLE_CODE = YES;
				CLANG_WARN__DUPLICATE_METHOD_MATCH = YES;
				CODE_SIGN_IDENTITY = "iPhone Developer";
				COPY_PHASE_STRIP = NO;
				DEBUG_INFORMATION_FORMAT = dwarf;
				ENABLE_STRICT_OBJC_MSGSEND = YES;
				ENABLE_TESTABILITY = YES;
				GCC_C_LANGUAGE_STANDARD = gnu11;
				GCC_DYNAMIC_NO_PIC = NO;
				GCC_NO_COMMON_BLOCKS = YES;
				GCC_OPTIMIZATION_LEVEL = 0;
				GCC_PREPROCESSOR_DEFINITIONS = (
					"DEBUG=1",
					"$(inherited)",
				);
				GCC_WARN_64_TO_32_BIT_CONVERSION = YES;
				GCC_WARN_ABOUT_RETURN_TYPE = YES_ERROR;
				GCC_WARN_UNDECLARED_SELECTOR = YES;
				GCC_WARN_UNINITIALIZED_AUTOS = YES_AGGRESSIVE;
				GCC_WARN_UNUSED_FUNCTION = YES;
				GCC_WARN_UNUSED_VARIABLE = YES;
				IPHONEOS_DEPLOYMENT_TARGET = 11.4;
				MTL_ENABLE_DEBUG_INFO = YES;
				ONLY_ACTIVE_ARCH = YES;
				SDKROOT = iphoneos;
				SWIFT_ACTIVE_COMPILATION_CONDITIONS = DEBUG;
				SWIFT_OPTIMIZATION_LEVEL = "-Onone";
			};
			name = Debug;
		};
		C5C6A593211833BB0063710A /* Release */ = {
			isa = XCBuildConfiguration;
			buildSettings = {
				ALWAYS_SEARCH_USER_PATHS = NO;
				CLANG_ANALYZER_NONNULL = YES;
				CLANG_ANALYZER_NUMBER_OBJECT_CONVERSION = YES_AGGRESSIVE;
				CLANG_CXX_LANGUAGE_STANDARD = "gnu++14";
				CLANG_CXX_LIBRARY = "libc++";
				CLANG_ENABLE_MODULES = YES;
				CLANG_ENABLE_OBJC_ARC = YES;
				CLANG_ENABLE_OBJC_WEAK = YES;
				CLANG_WARN_BLOCK_CAPTURE_AUTORELEASING = YES;
				CLANG_WARN_BOOL_CONVERSION = YES;
				CLANG_WARN_COMMA = YES;
				CLANG_WARN_CONSTANT_CONVERSION = YES;
				CLANG_WARN_DEPRECATED_OBJC_IMPLEMENTATIONS = YES;
				CLANG_WARN_DIRECT_OBJC_ISA_USAGE = YES_ERROR;
				CLANG_WARN_DOCUMENTATION_COMMENTS = YES;
				CLANG_WARN_EMPTY_BODY = YES;
				CLANG_WARN_ENUM_CONVERSION = YES;
				CLANG_WARN_INFINITE_RECURSION = YES;
				CLANG_WARN_INT_CONVERSION = YES;
				CLANG_WARN_NON_LITERAL_NULL_CONVERSION = YES;
				CLANG_WARN_OBJC_IMPLICIT_RETAIN_SELF = YES;
				CLANG_WARN_OBJC_LITERAL_CONVERSION = YES;
				CLANG_WARN_OBJC_ROOT_CLASS = YES_ERROR;
				CLANG_WARN_RANGE_LOOP_ANALYSIS = YES;
				CLANG_WARN_STRICT_PROTOTYPES = YES;
				CLANG_WARN_SUSPICIOUS_MOVE = YES;
				CLANG_WARN_UNGUARDED_AVAILABILITY = YES_AGGRESSIVE;
				CLANG_WARN_UNREACHABLE_CODE = YES;
				CLANG_WARN__DUPLICATE_METHOD_MATCH = YES;
				CODE_SIGN_IDENTITY = "iPhone Developer";
				COPY_PHASE_STRIP = NO;
				DEBUG_INFORMATION_FORMAT = "dwarf-with-dsym";
				ENABLE_NS_ASSERTIONS = NO;
				ENABLE_STRICT_OBJC_MSGSEND = YES;
				GCC_C_LANGUAGE_STANDARD = gnu11;
				GCC_NO_COMMON_BLOCKS = YES;
				GCC_WARN_64_TO_32_BIT_CONVERSION = YES;
				GCC_WARN_ABOUT_RETURN_TYPE = YES_ERROR;
				GCC_WARN_UNDECLARED_SELECTOR = YES;
				GCC_WARN_UNINITIALIZED_AUTOS = YES_AGGRESSIVE;
				GCC_WARN_UNUSED_FUNCTION = YES;
				GCC_WARN_UNUSED_VARIABLE = YES;
				IPHONEOS_DEPLOYMENT_TARGET = 11.4;
				MTL_ENABLE_DEBUG_INFO = NO;
				SDKROOT = iphoneos;
				SWIFT_COMPILATION_MODE = wholemodule;
				SWIFT_OPTIMIZATION_LEVEL = "-O";
				VALIDATE_PRODUCT = YES;
			};
			name = Release;
		};
		C5C6A595211833BB0063710A /* Debug */ = {
			isa = XCBuildConfiguration;
			buildSettings = {
				ASSETCATALOG_COMPILER_APPICON_NAME = AppIcon;
				CODE_SIGN_STYLE = Automatic;
				DEVELOPMENT_TEAM = FYXCUQR49U;
				INFOPLIST_FILE = XcodeBreakPoint/Info.plist;
				LD_RUNPATH_SEARCH_PATHS = (
					"$(inherited)",
					"@executable_path/Frameworks",
				);
				PRODUCT_BUNDLE_IDENTIFIER = kr.angruchi.XcodeBreakPoint;
				PRODUCT_NAME = "$(TARGET_NAME)";
				SWIFT_VERSION = 4.0;
				TARGETED_DEVICE_FAMILY = "1,2";
			};
			name = Debug;
		};
		C5C6A596211833BB0063710A /* Release */ = {
			isa = XCBuildConfiguration;
			buildSettings = {
				ASSETCATALOG_COMPILER_APPICON_NAME = AppIcon;
				CODE_SIGN_STYLE = Automatic;
				DEVELOPMENT_TEAM = FYXCUQR49U;
				INFOPLIST_FILE = XcodeBreakPoint/Info.plist;
				LD_RUNPATH_SEARCH_PATHS = (
					"$(inherited)",
					"@executable_path/Frameworks",
				);
				PRODUCT_BUNDLE_IDENTIFIER = kr.angruchi.XcodeBreakPoint;
				PRODUCT_NAME = "$(TARGET_NAME)";
				SWIFT_VERSION = 4.0;
				TARGETED_DEVICE_FAMILY = "1,2";
			};
			name = Release;
		};
/* End XCBuildConfiguration section */

/* Begin XCConfigurationList section */
		C5C6A57D211833BA0063710A /* Build configuration list for PBXProject "XcodeBreakPoint" */ = {
			isa = XCConfigurationList;
			buildConfigurations = (
				C5C6A592211833BB0063710A /* Debug */,
				C5C6A593211833BB0063710A /* Release */,
			);
			defaultConfigurationIsVisible = 0;
			defaultConfigurationName = Release;
		};
		C5C6A594211833BB0063710A /* Build configuration list for PBXNativeTarget "XcodeBreakPoint" */ = {
			isa = XCConfigurationList;
			buildConfigurations = (
				C5C6A595211833BB0063710A /* Debug */,
				C5C6A596211833BB0063710A /* Release */,
			);
			defaultConfigurationIsVisible = 0;
			defaultConfigurationName = Release;
		};
/* End XCConfigurationList section */
	};
	rootObject = C5C6A57A211833BA0063710A /* Project object */;
}
